
Microsoft Visual Studio Solution File, Format Version 12.00
# Visual Studio 15
VisualStudioVersion = 15.0.27130.2036
MinimumVisualStudioVersion = 10.0.40219.1
Project("{9092AA53-FB77-4645-B42D-1CCCA6BD08BD}") = "AgoraDiagnostics", "AgoraDiagnostics\AgoraDiagnostics.njsproj", "{55EE7E39-C281-4733-A5F8-49F255973600}"
EndProject
Global
	GlobalSection(SolutionConfigurationPlatforms) = preSolution
		Debug|Any CPU = Debug|Any CPU
		Release|Any CPU = Release|Any CPU
	EndGlobalSection
	GlobalSection(ProjectConfigurationPlatforms) = postSolution
		{55EE7E39-C281-4733-A5F8-49F255973600}.Debug|Any CPU.ActiveCfg = Debug|Any CPU
		{55EE7E39-C281-4733-A5F8-49F255973600}.Debug|Any CPU.Build.0 = Debug|Any CPU
		{55EE7E39-C281-4733-A5F8-49F255973600}.Release|Any CPU.ActiveCfg = Release|Any CPU
		{55EE7E39-C281-4733-A5F8-49F255973600}.Release|Any CPU.Build.0 = Release|Any CPU
	EndGlobalSection
	GlobalSection(SolutionProperties) = preSolution
		HideSolutionNode = FALSE
	EndGlobalSection
	GlobalSection(ExtensibilityGlobals) = postSolution
		SolutionGuid = {38E2F4F4-7760-4F27-89B3-9691CC0A15FB}
	EndGlobalSection
EndGlobal
